
Microsoft Visual Studio Solution File, Format Version 12.00
Project("{FAE04EC0-301F-11D3-BF4B-00C04F79EFBC}") = "EDIParser", "EDIParser\EDIParser.csproj", "{0BCC8AA1-0F7B-4B85-B0E0-0224D8917514}"
EndProject
Global
	GlobalSection(SolutionConfigurationPlatforms) = preSolution
		Debug|Any CPU = Debug|Any CPU
		Release|Any CPU = Release|Any CPU
	EndGlobalSection
	GlobalSection(ProjectConfigurationPlatforms) = postSolution
		{0BCC8AA1-0F7B-4B85-B0E0-0224D8917514}.Debug|Any CPU.ActiveCfg = Debug|Any CPU
		{0BCC8AA1-0F7B-4B85-B0E0-0224D8917514}.Debug|Any CPU.Build.0 = Debug|Any CPU
		{0BCC8AA1-0F7B-4B85-B0E0-0224D8917514}.Release|Any CPU.ActiveCfg = Release|Any CPU
		{0BCC8AA1-0F7B-4B85-B0E0-0224D8917514}.Release|Any CPU.Build.0 = Release|Any CPU
	EndGlobalSection
EndGlobal
